{
  "name": "graphserchmanagement",
  "version": "1.0.0",
  "lockfileVersion": 3,
  "requires": true,
  "packages": {
    "": {
      "name": "graphserchmanagement",
      "version": "1.0.0",
      "license": "ISC",
      "dependencies": {
        "libs": "file:../libs"
      }
    },
    "../libs": {
      "version": "1.0.0",
      "license": "ISC",
      "dependencies": {
        "@aws-sdk/client-bedrock-agent-runtime": "^3.682.0",
        "@aws-sdk/client-bedrock-runtime": "^3.682.0",
        "@aws-sdk/client-opensearch": "^3.683.0",
        "@aws-sdk/client-s3": "^3.701.0",
        "@aws-sdk/credential-provider-node": "^3.682.0",
        "@opensearch-project/opensearch": "^2.12.0",
        "acorn": "^8.13.0",
        "axios": "^1.7.7",
        "dotenv": "^16.4.5",
        "espree": "^10.2.0",
        "glob": "^11.0.0",
        "gremlin": "^3.7.2"
      }
    },
    "node_modules/libs": {
      "resolved": "../libs",
      "link": true
    }
  }
}
